// !$*UTF8*$!
{
	archiveVersion = 1;
	classes = {
	};
	objectVersion = 46;
	objects = {

/* Begin PBXBuildFile section */
		1A6426281B20962F007C1F45 /* AppDelegate.swift in Sources */ = {isa = PBXBuildFile; fileRef = 1A6426271B20962F007C1F45 /* AppDelegate.swift */; };
		1A64262A1B20962F007C1F45 /* ViewController.swift in Sources */ = {isa = PBXBuildFile; fileRef = 1A6426291B20962F007C1F45 /* ViewController.swift */; };
		1A64262D1B20962F007C1F45 /* Main.storyboard in Resources */ = {isa = PBXBuildFile; fileRef = 1A64262B1B20962F007C1F45 /* Main.storyboard */; };
		1A64262F1B20962F007C1F45 /* Images.xcassets in Resources */ = {isa = PBXBuildFile; fileRef = 1A64262E1B20962F007C1F45 /* Images.xcassets */; };
		1A6426321B20962F007C1F45 /* LaunchScreen.xib in Resources */ = {isa = PBXBuildFile; fileRef = 1A6426301B20962F007C1F45 /* LaunchScreen.xib */; };
		1A64263E1B20962F007C1F45 /* JamesLectureStoryBoardsTests.swift in Sources */ = {isa = PBXBuildFile; fileRef = 1A64263D1B20962F007C1F45 /* JamesLectureStoryBoardsTests.swift */; };
		1A6426591B20A9AD007C1F45 /* JosefinSans-Bold.ttf in Resources */ = {isa = PBXBuildFile; fileRef = 1A64264E1B20A9AD007C1F45 /* JosefinSans-Bold.ttf */; };
		1A64265A1B20A9AD007C1F45 /* JosefinSans-BoldItalic.ttf in Resources */ = {isa = PBXBuildFile; fileRef = 1A64264F1B20A9AD007C1F45 /* JosefinSans-BoldItalic.ttf */; };
		1A64265B1B20A9AD007C1F45 /* JosefinSans-Italic.ttf in Resources */ = {isa = PBXBuildFile; fileRef = 1A6426501B20A9AD007C1F45 /* JosefinSans-Italic.ttf */; };
		1A64265C1B20A9AD007C1F45 /* JosefinSans-Light.ttf in Resources */ = {isa = PBXBuildFile; fileRef = 1A6426511B20A9AD007C1F45 /* JosefinSans-Light.ttf */; };
		1A64265D1B20A9AD007C1F45 /* JosefinSans-LightItalic.ttf in Resources */ = {isa = PBXBuildFile; fileRef = 1A6426521B20A9AD007C1F45 /* JosefinSans-LightItalic.ttf */; };
		1A64265E1B20A9AD007C1F45 /* JosefinSans-Regular.ttf in Resources */ = {isa = PBXBuildFile; fileRef = 1A6426531B20A9AD007C1F45 /* JosefinSans-Regular.ttf */; };
		1A64265F1B20A9AD007C1F45 /* JosefinSans-SemiBold.ttf in Resources */ = {isa = PBXBuildFile; fileRef = 1A6426541B20A9AD007C1F45 /* JosefinSans-SemiBold.ttf */; };
		1A6426601B20A9AD007C1F45 /* JosefinSans-SemiBoldItalic.ttf in Resources */ = {isa = PBXBuildFile; fileRef = 1A6426551B20A9AD007C1F45 /* JosefinSans-SemiBoldItalic.ttf */; };
		1A6426611B20A9AD007C1F45 /* JosefinSans-Thin.ttf in Resources */ = {isa = PBXBuildFile; fileRef = 1A6426561B20A9AD007C1F45 /* JosefinSans-Thin.ttf */; };
		1A6426621B20A9AD007C1F45 /* JosefinSans-ThinItalic.ttf in Resources */ = {isa = PBXBuildFile; fileRef = 1A6426571B20A9AD007C1F45 /* JosefinSans-ThinItalic.ttf */; };
		1A6426631B20A9AD007C1F45 /* OFL.txt in Resources */ = {isa = PBXBuildFile; fileRef = 1A6426581B20A9AD007C1F45 /* OFL.txt */; };
		1A6426671B20AABF007C1F45 /* HipsterFontLabel.swift in Sources */ = {isa = PBXBuildFile; fileRef = 1A6426661B20AABF007C1F45 /* HipsterFontLabel.swift */; };
		1ABF165C1B21ED8B003AA610 /* SnazyStandardButton.swift in Sources */ = {isa = PBXBuildFile; fileRef = 1ABF165B1B21ED8B003AA610 /* SnazyStandardButton.swift */; };
		1ABF165E1B21F7E9003AA610 /* CardStackView.swift in Sources */ = {isa = PBXBuildFile; fileRef = 1ABF165D1B21F7E9003AA610 /* CardStackView.swift */; };
/* End PBXBuildFile section */

/* Begin PBXContainerItemProxy section */
		1A6426381B20962F007C1F45 /* PBXContainerItemProxy */ = {
			isa = PBXContainerItemProxy;
			containerPortal = 1A64261A1B20962F007C1F45 /* Project object */;
			proxyType = 1;
			remoteGlobalIDString = 1A6426211B20962F007C1F45;
			remoteInfo = JamesLectureStoryBoards;
		};
/* End PBXContainerItemProxy section */

/* Begin PBXFileReference section */
		1A6426221B20962F007C1F45 /* JamesLectureStoryBoards.app */ = {isa = PBXFileReference; explicitFileType = wrapper.application; includeInIndex = 0; path = JamesLectureStoryBoards.app; sourceTree = BUILT_PRODUCTS_DIR; };
		1A6426261B20962F007C1F45 /* Info.plist */ = {isa = PBXFileReference; lastKnownFileType = text.plist.xml; path = Info.plist; sourceTree = "<group>"; };
		1A6426271B20962F007C1F45 /* AppDelegate.swift */ = {isa = PBXFileReference; lastKnownFileType = sourcecode.swift; path = AppDelegate.swift; sourceTree = "<group>"; };
		1A6426291B20962F007C1F45 /* ViewController.swift */ = {isa = PBXFileReference; lastKnownFileType = sourcecode.swift; path = ViewController.swift; sourceTree = "<group>"; };
		1A64262C1B20962F007C1F45 /* Base */ = {isa = PBXFileReference; lastKnownFileType = file.storyboard; name = Base; path = Base.lproj/Main.storyboard; sourceTree = "<group>"; };
		1A64262E1B20962F007C1F45 /* Images.xcassets */ = {isa = PBXFileReference; lastKnownFileType = folder.assetcatalog; path = Images.xcassets; sourceTree = "<group>"; };
		1A6426311B20962F007C1F45 /* Base */ = {isa = PBXFileReference; lastKnownFileType = file.xib; name = Base; path = Base.lproj/LaunchScreen.xib; sourceTree = "<group>"; };
		1A6426371B20962F007C1F45 /* JamesLectureStoryBoardsTests.xctest */ = {isa = PBXFileReference; explicitFileType = wrapper.cfbundle; includeInIndex = 0; path = JamesLectureStoryBoardsTests.xctest; sourceTree = BUILT_PRODUCTS_DIR; };
		1A64263C1B20962F007C1F45 /* Info.plist */ = {isa = PBXFileReference; lastKnownFileType = text.plist.xml; path = Info.plist; sourceTree = "<group>"; };
		1A64263D1B20962F007C1F45 /* JamesLectureStoryBoardsTests.swift */ = {isa = PBXFileReference; lastKnownFileType = sourcecode.swift; path = JamesLectureStoryBoardsTests.swift; sourceTree = "<group>"; };
		1A64264E1B20A9AD007C1F45 /* JosefinSans-Bold.ttf */ = {isa = PBXFileReference; lastKnownFileType = file; path = "JosefinSans-Bold.ttf"; sourceTree = "<group>"; };
		1A64264F1B20A9AD007C1F45 /* JosefinSans-BoldItalic.ttf */ = {isa = PBXFileReference; lastKnownFileType = file; path = "JosefinSans-BoldItalic.ttf"; sourceTree = "<group>"; };
		1A6426501B20A9AD007C1F45 /* JosefinSans-Italic.ttf */ = {isa = PBXFileReference; lastKnownFileType = file; path = "JosefinSans-Italic.ttf"; sourceTree = "<group>"; };
		1A6426511B20A9AD007C1F45 /* JosefinSans-Light.ttf */ = {isa = PBXFileReference; lastKnownFileType = file; path = "JosefinSans-Light.ttf"; sourceTree = "<group>"; };
		1A6426521B20A9AD007C1F45 /* JosefinSans-LightItalic.ttf */ = {isa = PBXFileReference; lastKnownFileType = file; path = "JosefinSans-LightItalic.ttf"; sourceTree = "<group>"; };
		1A6426531B20A9AD007C1F45 /* JosefinSans-Regular.ttf */ = {isa = PBXFileReference; lastKnownFileType = file; path = "JosefinSans-Regular.ttf"; sourceTree = "<group>"; };
		1A6426541B20A9AD007C1F45 /* JosefinSans-SemiBold.ttf */ = {isa = PBXFileReference; lastKnownFileType = file; path = "JosefinSans-SemiBold.ttf"; sourceTree = "<group>"; };
		1A6426551B20A9AD007C1F45 /* JosefinSans-SemiBoldItalic.ttf */ = {isa = PBXFileReference; lastKnownFileType = file; path = "JosefinSans-SemiBoldItalic.ttf"; sourceTree = "<group>"; };
		1A6426561B20A9AD007C1F45 /* JosefinSans-Thin.ttf */ = {isa = PBXFileReference; lastKnownFileType = file; path = "JosefinSans-Thin.ttf"; sourceTree = "<group>"; };
		1A6426571B20A9AD007C1F45 /* JosefinSans-ThinItalic.ttf */ = {isa = PBXFileReference; lastKnownFileType = file; path = "JosefinSans-ThinItalic.ttf"; sourceTree = "<group>"; };
		1A6426581B20A9AD007C1F45 /* OFL.txt */ = {isa = PBXFileReference; fileEncoding = 4; lastKnownFileType = text; path = OFL.txt; sourceTree = "<group>"; };
		1A6426661B20AABF007C1F45 /* HipsterFontLabel.swift */ = {isa = PBXFileReference; fileEncoding = 4; lastKnownFileType = sourcecode.swift; path = HipsterFontLabel.swift; sourceTree = "<group>"; };
		1ABF165B1B21ED8B003AA610 /* SnazyStandardButton.swift */ = {isa = PBXFileReference; fileEncoding = 4; lastKnownFileType = sourcecode.swift; path = SnazyStandardButton.swift; sourceTree = "<group>"; };
		1ABF165D1B21F7E9003AA610 /* CardStackView.swift */ = {isa = PBXFileReference; fileEncoding = 4; lastKnownFileType = sourcecode.swift; path = CardStackView.swift; sourceTree = "<group>"; };
/* End PBXFileReference section */

/* Begin PBXFrameworksBuildPhase section */
		1A64261F1B20962F007C1F45 /* Frameworks */ = {
			isa = PBXFrameworksBuildPhase;
			buildActionMask = 2147483647;
			files = (
			);
			runOnlyForDeploymentPostprocessing = 0;
		};
		1A6426341B20962F007C1F45 /* Frameworks */ = {
			isa = PBXFrameworksBuildPhase;
			buildActionMask = 2147483647;
			files = (
			);
			runOnlyForDeploymentPostprocessing = 0;
		};
/* End PBXFrameworksBuildPhase section */

/* Begin PBXGroup section */
		1A6426191B20962F007C1F45 = {
			isa = PBXGroup;
			children = (
				1A6426241B20962F007C1F45 /* JamesLectureStoryBoards */,
				1A64263A1B20962F007C1F45 /* JamesLectureStoryBoardsTests */,
				1A6426231B20962F007C1F45 /* Products */,
			);
			sourceTree = "<group>";
		};
		1A6426231B20962F007C1F45 /* Products */ = {
			isa = PBXGroup;
			children = (
				1A6426221B20962F007C1F45 /* JamesLectureStoryBoards.app */,
				1A6426371B20962F007C1F45 /* JamesLectureStoryBoardsTests.xctest */,
			);
			name = Products;
			sourceTree = "<group>";
		};
		1A6426241B20962F007C1F45 /* JamesLectureStoryBoards */ = {
			isa = PBXGroup;
			children = (
				1A6426641B20A9C8007C1F45 /* Fonts */,
				1A6426651B20AA62007C1F45 /* CustomUIElements */,
				1A6426271B20962F007C1F45 /* AppDelegate.swift */,
				1A6426291B20962F007C1F45 /* ViewController.swift */,
				1A64262B1B20962F007C1F45 /* Main.storyboard */,
				1A64262E1B20962F007C1F45 /* Images.xcassets */,
				1A6426301B20962F007C1F45 /* LaunchScreen.xib */,
				1A6426251B20962F007C1F45 /* Supporting Files */,
			);
			path = JamesLectureStoryBoards;
			sourceTree = "<group>";
		};
		1A6426251B20962F007C1F45 /* Supporting Files */ = {
			isa = PBXGroup;
			children = (
				1A6426261B20962F007C1F45 /* Info.plist */,
			);
			name = "Supporting Files";
			sourceTree = "<group>";
		};
		1A64263A1B20962F007C1F45 /* JamesLectureStoryBoardsTests */ = {
			isa = PBXGroup;
			children = (
				1A64263D1B20962F007C1F45 /* JamesLectureStoryBoardsTests.swift */,
				1A64263B1B20962F007C1F45 /* Supporting Files */,
			);
			path = JamesLectureStoryBoardsTests;
			sourceTree = "<group>";
		};
		1A64263B1B20962F007C1F45 /* Supporting Files */ = {
			isa = PBXGroup;
			children = (
				1A64263C1B20962F007C1F45 /* Info.plist */,
			);
			name = "Supporting Files";
			sourceTree = "<group>";
		};
		1A64264D1B20A9AD007C1F45 /* Josefin Sans */ = {
			isa = PBXGroup;
			children = (
				1A64264E1B20A9AD007C1F45 /* JosefinSans-Bold.ttf */,
				1A64264F1B20A9AD007C1F45 /* JosefinSans-BoldItalic.ttf */,
				1A6426501B20A9AD007C1F45 /* JosefinSans-Italic.ttf */,
				1A6426511B20A9AD007C1F45 /* JosefinSans-Light.ttf */,
				1A6426521B20A9AD007C1F45 /* JosefinSans-LightItalic.ttf */,
				1A6426531B20A9AD007C1F45 /* JosefinSans-Regular.ttf */,
				1A6426541B20A9AD007C1F45 /* JosefinSans-SemiBold.ttf */,
				1A6426551B20A9AD007C1F45 /* JosefinSans-SemiBoldItalic.ttf */,
				1A6426561B20A9AD007C1F45 /* JosefinSans-Thin.ttf */,
				1A6426571B20A9AD007C1F45 /* JosefinSans-ThinItalic.ttf */,
				1A6426581B20A9AD007C1F45 /* OFL.txt */,
			);
			name = "Josefin Sans";
			path = josefin_sans;
			sourceTree = "<group>";
		};
		1A6426641B20A9C8007C1F45 /* Fonts */ = {
			isa = PBXGroup;
			children = (
				1A64264D1B20A9AD007C1F45 /* Josefin Sans */,
			);
			name = Fonts;
			path = ..;
			sourceTree = "<group>";
		};
		1A6426651B20AA62007C1F45 /* CustomUIElements */ = {
			isa = PBXGroup;
			children = (
				1A6426661B20AABF007C1F45 /* HipsterFontLabel.swift */,
				1ABF165B1B21ED8B003AA610 /* SnazyStandardButton.swift */,
				1ABF165D1B21F7E9003AA610 /* CardStackView.swift */,
			);
			name = CustomUIElements;
			path = ..;
			sourceTree = "<group>";
		};
/* End PBXGroup section */

/* Begin PBXNativeTarget section */
		1A6426211B20962F007C1F45 /* JamesLectureStoryBoards */ = {
			isa = PBXNativeTarget;
			buildConfigurationList = 1A6426411B20962F007C1F45 /* Build configuration list for PBXNativeTarget "JamesLectureStoryBoards" */;
			buildPhases = (
				1A64261E1B20962F007C1F45 /* Sources */,
				1A64261F1B20962F007C1F45 /* Frameworks */,
				1A6426201B20962F007C1F45 /* Resources */,
			);
			buildRules = (
			);
			dependencies = (
			);
			name = JamesLectureStoryBoards;
			productName = JamesLectureStoryBoards;
			productReference = 1A6426221B20962F007C1F45 /* JamesLectureStoryBoards.app */;
			productType = "com.apple.product-type.application";
		};
		1A6426361B20962F007C1F45 /* JamesLectureStoryBoardsTests */ = {
			isa = PBXNativeTarget;
			buildConfigurationList = 1A6426441B20962F007C1F45 /* Build configuration list for PBXNativeTarget "JamesLectureStoryBoardsTests" */;
			buildPhases = (
				1A6426331B20962F007C1F45 /* Sources */,
				1A6426341B20962F007C1F45 /* Frameworks */,
				1A6426351B20962F007C1F45 /* Resources */,
			);
			buildRules = (
			);
			dependencies = (
				1A6426391B20962F007C1F45 /* PBXTargetDependency */,
			);
			name = JamesLectureStoryBoardsTests;
			productName = JamesLectureStoryBoardsTests;
			productReference = 1A6426371B20962F007C1F45 /* JamesLectureStoryBoardsTests.xctest */;
			productType = "com.apple.product-type.bundle.unit-test";
		};
/* End PBXNativeTarget section */

/* Begin PBXProject section */
		1A64261A1B20962F007C1F45 /* Project object */ = {
			isa = PBXProject;
			attributes = {
				LastUpgradeCheck = 0630;
				ORGANIZATIONNAME = "Yung Dai";
				TargetAttributes = {
					1A6426211B20962F007C1F45 = {
						CreatedOnToolsVersion = 6.3.2;
					};
					1A6426361B20962F007C1F45 = {
						CreatedOnToolsVersion = 6.3.2;
						TestTargetID = 1A6426211B20962F007C1F45;
					};
				};
			};
			buildConfigurationList = 1A64261D1B20962F007C1F45 /* Build configuration list for PBXProject "JamesLectureStoryBoards" */;
			compatibilityVersion = "Xcode 3.2";
			developmentRegion = English;
			hasScannedForEncodings = 0;
			knownRegions = (
				en,
				Base,
			);
			mainGroup = 1A6426191B20962F007C1F45;
			productRefGroup = 1A6426231B20962F007C1F45 /* Products */;
			projectDirPath = "";
			projectRoot = "";
			targets = (
				1A6426211B20962F007C1F45 /* JamesLectureStoryBoards */,
				1A6426361B20962F007C1F45 /* JamesLectureStoryBoardsTests */,
			);
		};
/* End PBXProject section */

/* Begin PBXResourcesBuildPhase section */
		1A6426201B20962F007C1F45 /* Resources */ = {
			isa = PBXResourcesBuildPhase;
			buildActionMask = 2147483647;
			files = (
				1A6426631B20A9AD007C1F45 /* OFL.txt in Resources */,
				1A64262D1B20962F007C1F45 /* Main.storyboard in Resources */,
				1A6426591B20A9AD007C1F45 /* JosefinSans-Bold.ttf in Resources */,
				1A64265B1B20A9AD007C1F45 /* JosefinSans-Italic.ttf in Resources */,
				1A6426601B20A9AD007C1F45 /* JosefinSans-SemiBoldItalic.ttf in Resources */,
				1A64265F1B20A9AD007C1F45 /* JosefinSans-SemiBold.ttf in Resources */,
				1A64265A1B20A9AD007C1F45 /* JosefinSans-BoldItalic.ttf in Resources */,
				1A6426321B20962F007C1F45 /* LaunchScreen.xib in Resources */,
				1A6426621B20A9AD007C1F45 /* JosefinSans-ThinItalic.ttf in Resources */,
				1A64265D1B20A9AD007C1F45 /* JosefinSans-LightItalic.ttf in Resources */,
				1A64262F1B20962F007C1F45 /* Images.xcassets in Resources */,
				1A64265E1B20A9AD007C1F45 /* JosefinSans-Regular.ttf in Resources */,
				1A64265C1B20A9AD007C1F45 /* JosefinSans-Light.ttf in Resources */,
				1A6426611B20A9AD007C1F45 /* JosefinSans-Thin.ttf in Resources */,
			);
			runOnlyForDeploymentPostprocessing = 0;
		};
		1A6426351B20962F007C1F45 /* Resources */ = {
			isa = PBXResourcesBuildPhase;
			buildActionMask = 2147483647;
			files = (
			);
			runOnlyForDeploymentPostprocessing = 0;
		};
/* End PBXResourcesBuildPhase section */

/* Begin PBXSourcesBuildPhase section */
		1A64261E1B20962F007C1F45 /* Sources */ = {
			isa = PBXSourcesBuildPhase;
			buildActionMask = 2147483647;
			files = (
				1ABF165E1B21F7E9003AA610 /* CardStackView.swift in Sources */,
				1A64262A1B20962F007C1F45 /* ViewController.swift in Sources */,
				1A6426281B20962F007C1F45 /* AppDelegate.swift in Sources */,
				1ABF165C1B21ED8B003AA610 /* SnazyStandardButton.swift in Sources */,
				1A6426671B20AABF007C1F45 /* HipsterFontLabel.swift in Sources */,
			);
			runOnlyForDeploymentPostprocessing = 0;
		};
		1A6426331B20962F007C1F45 /* Sources */ = {
			isa = PBXSourcesBuildPhase;
			buildActionMask = 2147483647;
			files = (
				1A64263E1B20962F007C1F45 /* JamesLectureStoryBoardsTests.swift in Sources */,
			);
			runOnlyForDeploymentPostprocessing = 0;
		};
/* End PBXSourcesBuildPhase section */

/* Begin PBXTargetDependency section */
		1A6426391B20962F007C1F45 /* PBXTargetDependency */ = {
			isa = PBXTargetDependency;
			target = 1A6426211B20962F007C1F45 /* JamesLectureStoryBoards */;
			targetProxy = 1A6426381B20962F007C1F45 /* PBXContainerItemProxy */;
		};
/* End PBXTargetDependency section */

/* Begin PBXVariantGroup section */
		1A64262B1B20962F007C1F45 /* Main.storyboard */ = {
			isa = PBXVariantGroup;
			children = (
				1A64262C1B20962F007C1F45 /* Base */,
			);
			name = Main.storyboard;
			sourceTree = "<group>";
		};
		1A6426301B20962F007C1F45 /* LaunchScreen.xib */ = {
			isa = PBXVariantGroup;
			children = (
				1A6426311B20962F007C1F45 /* Base */,
			);
			name = LaunchScreen.xib;
			sourceTree = "<group>";
		};
/* End PBXVariantGroup section */

/* Begin XCBuildConfiguration section */
		1A64263F1B20962F007C1F45 /* Debug */ = {
			isa = XCBuildConfiguration;
			buildSettings = {
				ALWAYS_SEARCH_USER_PATHS = NO;
				CLANG_CXX_LANGUAGE_STANDARD = "gnu++0x";
				CLANG_CXX_LIBRARY = "libc++";
				CLANG_ENABLE_MODULES = YES;
				CLANG_ENABLE_OBJC_ARC = YES;
				CLANG_WARN_BOOL_CONVERSION = YES;
				CLANG_WARN_CONSTANT_CONVERSION = YES;
				CLANG_WARN_DIRECT_OBJC_ISA_USAGE = YES_ERROR;
				CLANG_WARN_EMPTY_BODY = YES;
				CLANG_WARN_ENUM_CONVERSION = YES;
				CLANG_WARN_INT_CONVERSION = YES;
				CLANG_WARN_OBJC_ROOT_CLASS = YES_ERROR;
				CLANG_WARN_UNREACHABLE_CODE = YES;
				CLANG_WARN__DUPLICATE_METHOD_MATCH = YES;
				"CODE_SIGN_IDENTITY[sdk=iphoneos*]" = "iPhone Developer";
				COPY_PHASE_STRIP = NO;
				DEBUG_INFORMATION_FORMAT = "dwarf-with-dsym";
				ENABLE_STRICT_OBJC_MSGSEND = YES;
				GCC_C_LANGUAGE_STANDARD = gnu99;
				GCC_DYNAMIC_NO_PIC = NO;
				GCC_NO_COMMON_BLOCKS = YES;
				GCC_OPTIMIZATION_LEVEL = 0;
				GCC_PREPROCESSOR_DEFINITIONS = (
					"DEBUG=1",
					"$(inherited)",
				);
				GCC_SYMBOLS_PRIVATE_EXTERN = NO;
				GCC_WARN_64_TO_32_BIT_CONVERSION = YES;
				GCC_WARN_ABOUT_RETURN_TYPE = YES_ERROR;
				GCC_WARN_UNDECLARED_SELECTOR = YES;
				GCC_WARN_UNINITIALIZED_AUTOS = YES_AGGRESSIVE;
				GCC_WARN_UNUSED_FUNCTION = YES;
				GCC_WARN_UNUSED_VARIABLE = YES;
				IPHONEOS_DEPLOYMENT_TARGET = 8.3;
				MTL_ENABLE_DEBUG_INFO = YES;
				ONLY_ACTIVE_ARCH = YES;
				SDKROOT = iphoneos;
				SWIFT_OPTIMIZATION_LEVEL = "-Onone";
				TARGETED_DEVICE_FAMILY = "1,2";
			};
			name = Debug;
		};
		1A6426401B20962F007C1F45 /* Release */ = {
			isa = XCBuildConfiguration;
			buildSettings = {
				ALWAYS_SEARCH_USER_PATHS = NO;
				CLANG_CXX_LANGUAGE_STANDARD = "gnu++0x";
				CLANG_CXX_LIBRARY = "libc++";
				CLANG_ENABLE_MODULES = YES;
				CLANG_ENABLE_OBJC_ARC = YES;
				CLANG_WARN_BOOL_CONVERSION = YES;
				CLANG_WARN_CONSTANT_CONVERSION = YES;
				CLANG_WARN_DIRECT_OBJC_ISA_USAGE = YES_ERROR;
				CLANG_WARN_EMPTY_BODY = YES;
				CLANG_WARN_ENUM_CONVERSION = YES;
				CLANG_WARN_INT_CONVERSION = YES;
				CLANG_WARN_OBJC_ROOT_CLASS = YES_ERROR;
				CLANG_WARN_UNREACHABLE_CODE = YES;
				CLANG_WARN__DUPLICATE_METHOD_MATCH = YES;
				"CODE_SIGN_IDENTITY[sdk=iphoneos*]" = "iPhone Developer";
				COPY_PHASE_STRIP = NO;
				DEBUG_INFORMATION_FORMAT = "dwarf-with-dsym";
				ENABLE_NS_ASSERTIONS = NO;
				ENABLE_STRICT_OBJC_MSGSEND = YES;
				GCC_C_LANGUAGE_STANDARD = gnu99;
				GCC_NO_COMMON_BLOCKS = YES;
				GCC_WARN_64_TO_32_BIT_CONVERSION = YES;
				GCC_WARN_ABOUT_RETURN_TYPE = YES_ERROR;
				GCC_WARN_UNDECLARED_SELECTOR = YES;
				GCC_WARN_UNINITIALIZED_AUTOS = YES_AGGRESSIVE;
				GCC_WARN_UNUSED_FUNCTION = YES;
				GCC_WARN_UNUSED_VARIABLE = YES;
				IPHONEOS_DEPLOYMENT_TARGET = 8.3;
				MTL_ENABLE_DEBUG_INFO = NO;
				SDKROOT = iphoneos;
				TARGETED_DEVICE_FAMILY = "1,2";
				VALIDATE_PRODUCT = YES;
			};
			name = Release;
		};
		1A6426421B20962F007C1F45 /* Debug */ = {
			isa = XCBuildConfiguration;
			buildSettings = {
				ASSETCATALOG_COMPILER_APPICON_NAME = AppIcon;
				INFOPLIST_FILE = JamesLectureStoryBoards/Info.plist;
				LD_RUNPATH_SEARCH_PATHS = "$(inherited) @executable_path/Frameworks";
				PRODUCT_NAME = "$(TARGET_NAME)";
			};
			name = Debug;
		};
		1A6426431B20962F007C1F45 /* Release */ = {
			isa = XCBuildConfiguration;
			buildSettings = {
				ASSETCATALOG_COMPILER_APPICON_NAME = AppIcon;
				INFOPLIST_FILE = JamesLectureStoryBoards/Info.plist;
				LD_RUNPATH_SEARCH_PATHS = "$(inherited) @executable_path/Frameworks";
				PRODUCT_NAME = "$(TARGET_NAME)";
			};
			name = Release;
		};
		1A6426451B20962F007C1F45 /* Debug */ = {
			isa = XCBuildConfiguration;
			buildSettings = {
				BUNDLE_LOADER = "$(TEST_HOST)";
				FRAMEWORK_SEARCH_PATHS = (
					"$(SDKROOT)/Developer/Library/Frameworks",
					"$(inherited)",
				);
				GCC_PREPROCESSOR_DEFINITIONS = (
					"DEBUG=1",
					"$(inherited)",
				);
				INFOPLIST_FILE = JamesLectureStoryBoardsTests/Info.plist;
				LD_RUNPATH_SEARCH_PATHS = "$(inherited) @executable_path/Frameworks @loader_path/Frameworks";
				PRODUCT_NAME = "$(TARGET_NAME)";
				TEST_HOST = "$(BUILT_PRODUCTS_DIR)/JamesLectureStoryBoards.app/JamesLectureStoryBoards";
			};
			name = Debug;
		};
		1A6426461B20962F007C1F45 /* Release */ = {
			isa = XCBuildConfiguration;
			buildSettings = {
				BUNDLE_LOADER = "$(TEST_HOST)";
				FRAMEWORK_SEARCH_PATHS = (
					"$(SDKROOT)/Developer/Library/Frameworks",
					"$(inherited)",
				);
				INFOPLIST_FILE = JamesLectureStoryBoardsTests/Info.plist;
				LD_RUNPATH_SEARCH_PATHS = "$(inherited) @executable_path/Frameworks @loader_path/Frameworks";
				PRODUCT_NAME = "$(TARGET_NAME)";
				TEST_HOST = "$(BUILT_PRODUCTS_DIR)/JamesLectureStoryBoards.app/JamesLectureStoryBoards";
			};
			name = Release;
		};
/* End XCBuildConfiguration section */

/* Begin XCConfigurationList section */
		1A64261D1B20962F007C1F45 /* Build configuration list for PBXProject "JamesLectureStoryBoards" */ = {
			isa = XCConfigurationList;
			buildConfigurations = (
				1A64263F1B20962F007C1F45 /* Debug */,
				1A6426401B20962F007C1F45 /* Release */,
			);
			defaultConfigurationIsVisible = 0;
			defaultConfigurationName = Release;
		};
		1A6426411B20962F007C1F45 /* Build configuration list for PBXNativeTarget "JamesLectureStoryBoards" */ = {
			isa = XCConfigurationList;
			buildConfigurations = (
				1A6426421B20962F007C1F45 /* Debug */,
				1A6426431B20962F007C1F45 /* Release */,
			);
			defaultConfigurationIsVisible = 0;
			defaultConfigurationName = Release;
		};
		1A6426441B20962F007C1F45 /* Build configuration list for PBXNativeTarget "JamesLectureStoryBoardsTests" */ = {
			isa = XCConfigurationList;
			buildConfigurations = (
				1A6426451B20962F007C1F45 /* Debug */,
				1A6426461B20962F007C1F45 /* Release */,
			);
			defaultConfigurationIsVisible = 0;
			defaultConfigurationName = Release;
		};
/* End XCConfigurationList section */
	};
	rootObject = 1A64261A1B20962F007C1F45 /* Project object */;
}
